// !$*UTF8*$!
{
	archiveVersion = 1;
	classes = {
	};
	objectVersion = 48;
	objects = {

/* Begin PBXBuildFile section */
		76CF0F162022169621B57C86 /* Pods_swifty_companion.framework in Frameworks */ = {isa = PBXBuildFile; fileRef = 37481757FF9C5F4349F19835 /* Pods_swifty_companion.framework */; };
		DB1451AC226357C000317FC2 /* ProfileViewController.swift in Sources */ = {isa = PBXBuildFile; fileRef = DB1451AB226357C000317FC2 /* ProfileViewController.swift */; };
		DB1F2F21225A35FE00E9002C /* AppDelegate.swift in Sources */ = {isa = PBXBuildFile; fileRef = DB1F2F20225A35FE00E9002C /* AppDelegate.swift */; };
		DB1F2F23225A35FE00E9002C /* LoginViewController.swift in Sources */ = {isa = PBXBuildFile; fileRef = DB1F2F22225A35FE00E9002C /* LoginViewController.swift */; };
		DB1F2F26225A35FE00E9002C /* Main.storyboard in Resources */ = {isa = PBXBuildFile; fileRef = DB1F2F24225A35FE00E9002C /* Main.storyboard */; };
		DB1F2F28225A35FE00E9002C /* Assets.xcassets in Resources */ = {isa = PBXBuildFile; fileRef = DB1F2F27225A35FE00E9002C /* Assets.xcassets */; };
		DB1F2F2B225A35FE00E9002C /* LaunchScreen.storyboard in Resources */ = {isa = PBXBuildFile; fileRef = DB1F2F29225A35FE00E9002C /* LaunchScreen.storyboard */; };
		DB98677B225E01220044BF98 /* Model.swift in Sources */ = {isa = PBXBuildFile; fileRef = DB98677A225E01220044BF98 /* Model.swift */; };
		DB98677D225E04190044BF98 /* APIController.swift in Sources */ = {isa = PBXBuildFile; fileRef = DB98677C225E04190044BF98 /* APIController.swift */; };
		DBF2D1B92268A08A0062C53C /* SkillsViewController.swift in Sources */ = {isa = PBXBuildFile; fileRef = DBF2D1B82268A08A0062C53C /* SkillsViewController.swift */; };
		DBF2D1BD2268A8F40062C53C /* ProjectsViewController.swift in Sources */ = {isa = PBXBuildFile; fileRef = DBF2D1BC2268A8F40062C53C /* ProjectsViewController.swift */; };
		DBF2D1BF2268B3E50062C53C /* SkillsTableViewCell.swift in Sources */ = {isa = PBXBuildFile; fileRef = DBF2D1BE2268B3E50062C53C /* SkillsTableViewCell.swift */; };
		DBF2D1C12268BD7F0062C53C /* ProjectsTableViewCell.swift in Sources */ = {isa = PBXBuildFile; fileRef = DBF2D1C02268BD7F0062C53C /* ProjectsTableViewCell.swift */; };
/* End PBXBuildFile section */

/* Begin PBXFileReference section */
		2DF6F2DF0D18A45E9F04322E /* Pods-swifty-companion.debug.xcconfig */ = {isa = PBXFileReference; includeInIndex = 1; lastKnownFileType = text.xcconfig; name = "Pods-swifty-companion.debug.xcconfig"; path = "Target Support Files/Pods-swifty-companion/Pods-swifty-companion.debug.xcconfig"; sourceTree = "<group>"; };
		37481757FF9C5F4349F19835 /* Pods_swifty_companion.framework */ = {isa = PBXFileReference; explicitFileType = wrapper.framework; includeInIndex = 0; path = Pods_swifty_companion.framework; sourceTree = BUILT_PRODUCTS_DIR; };
		45DFDA9F23E76AC117925AEA /* Pods-swifty-companion.release.xcconfig */ = {isa = PBXFileReference; includeInIndex = 1; lastKnownFileType = text.xcconfig; name = "Pods-swifty-companion.release.xcconfig"; path = "Target Support Files/Pods-swifty-companion/Pods-swifty-companion.release.xcconfig"; sourceTree = "<group>"; };
		DB1451AB226357C000317FC2 /* ProfileViewController.swift */ = {isa = PBXFileReference; lastKnownFileType = sourcecode.swift; path = ProfileViewController.swift; sourceTree = "<group>"; };
		DB1F2F1D225A35FE00E9002C /* swifty-companion.app */ = {isa = PBXFileReference; explicitFileType = wrapper.application; includeInIndex = 0; path = "swifty-companion.app"; sourceTree = BUILT_PRODUCTS_DIR; };
		DB1F2F20225A35FE00E9002C /* AppDelegate.swift */ = {isa = PBXFileReference; lastKnownFileType = sourcecode.swift; path = AppDelegate.swift; sourceTree = "<group>"; };
		DB1F2F22225A35FE00E9002C /* LoginViewController.swift */ = {isa = PBXFileReference; lastKnownFileType = sourcecode.swift; path = LoginViewController.swift; sourceTree = "<group>"; };
		DB1F2F25225A35FE00E9002C /* Base */ = {isa = PBXFileReference; lastKnownFileType = file.storyboard; name = Base; path = Base.lproj/Main.storyboard; sourceTree = "<group>"; };
		DB1F2F27225A35FE00E9002C /* Assets.xcassets */ = {isa = PBXFileReference; lastKnownFileType = folder.assetcatalog; path = Assets.xcassets; sourceTree = "<group>"; };
		DB1F2F2A225A35FE00E9002C /* Base */ = {isa = PBXFileReference; lastKnownFileType = file.storyboard; name = Base; path = Base.lproj/LaunchScreen.storyboard; sourceTree = "<group>"; };
		DB1F2F2C225A35FE00E9002C /* Info.plist */ = {isa = PBXFileReference; lastKnownFileType = text.plist.xml; path = Info.plist; sourceTree = "<group>"; };
		DB98677A225E01220044BF98 /* Model.swift */ = {isa = PBXFileReference; lastKnownFileType = sourcecode.swift; path = Model.swift; sourceTree = "<group>"; };
		DB98677C225E04190044BF98 /* APIController.swift */ = {isa = PBXFileReference; lastKnownFileType = sourcecode.swift; path = APIController.swift; sourceTree = "<group>"; };
		DBF2D1B82268A08A0062C53C /* SkillsViewController.swift */ = {isa = PBXFileReference; lastKnownFileType = sourcecode.swift; path = SkillsViewController.swift; sourceTree = "<group>"; };
		DBF2D1BC2268A8F40062C53C /* ProjectsViewController.swift */ = {isa = PBXFileReference; lastKnownFileType = sourcecode.swift; path = ProjectsViewController.swift; sourceTree = "<group>"; };
		DBF2D1BE2268B3E50062C53C /* SkillsTableViewCell.swift */ = {isa = PBXFileReference; lastKnownFileType = sourcecode.swift; path = SkillsTableViewCell.swift; sourceTree = "<group>"; };
		DBF2D1C02268BD7F0062C53C /* ProjectsTableViewCell.swift */ = {isa = PBXFileReference; lastKnownFileType = sourcecode.swift; path = ProjectsTableViewCell.swift; sourceTree = "<group>"; };
/* End PBXFileReference section */

/* Begin PBXFrameworksBuildPhase section */
		DB1F2F1A225A35FD00E9002C /* Frameworks */ = {
			isa = PBXFrameworksBuildPhase;
			buildActionMask = 2147483647;
			files = (
				76CF0F162022169621B57C86 /* Pods_swifty_companion.framework in Frameworks */,
			);
			runOnlyForDeploymentPostprocessing = 0;
		};
/* End PBXFrameworksBuildPhase section */

/* Begin PBXGroup section */
		9FF4BDBE7F9F4350459BB770 /* Pods */ = {
			isa = PBXGroup;
			children = (
				2DF6F2DF0D18A45E9F04322E /* Pods-swifty-companion.debug.xcconfig */,
				45DFDA9F23E76AC117925AEA /* Pods-swifty-companion.release.xcconfig */,
			);
			path = Pods;
			sourceTree = "<group>";
		};
		DB1F2F14225A35FD00E9002C = {
			isa = PBXGroup;
			children = (
				DB1F2F1F225A35FE00E9002C /* swifty-companion */,
				DB1F2F1E225A35FE00E9002C /* Products */,
				9FF4BDBE7F9F4350459BB770 /* Pods */,
				E480D3BEF1DAF7955CF5CB17 /* Frameworks */,
			);
			sourceTree = "<group>";
		};
		DB1F2F1E225A35FE00E9002C /* Products */ = {
			isa = PBXGroup;
			children = (
				DB1F2F1D225A35FE00E9002C /* swifty-companion.app */,
			);
			name = Products;
			sourceTree = "<group>";
		};
		DB1F2F1F225A35FE00E9002C /* swifty-companion */ = {
			isa = PBXGroup;
			children = (
				DB1F2F20225A35FE00E9002C /* AppDelegate.swift */,
				DB1F2F22225A35FE00E9002C /* LoginViewController.swift */,
				DB1F2F24225A35FE00E9002C /* Main.storyboard */,
				DB1F2F27225A35FE00E9002C /* Assets.xcassets */,
				DB1F2F29225A35FE00E9002C /* LaunchScreen.storyboard */,
				DB1F2F2C225A35FE00E9002C /* Info.plist */,
				DB98677A225E01220044BF98 /* Model.swift */,
				DB98677C225E04190044BF98 /* APIController.swift */,
				DB1451AB226357C000317FC2 /* ProfileViewController.swift */,
				DBF2D1B82268A08A0062C53C /* SkillsViewController.swift */,
				DBF2D1BC2268A8F40062C53C /* ProjectsViewController.swift */,
				DBF2D1BE2268B3E50062C53C /* SkillsTableViewCell.swift */,
				DBF2D1C02268BD7F0062C53C /* ProjectsTableViewCell.swift */,
			);
			path = "swifty-companion";
			sourceTree = "<group>";
		};
		E480D3BEF1DAF7955CF5CB17 /* Frameworks */ = {
			isa = PBXGroup;
			children = (
				37481757FF9C5F4349F19835 /* Pods_swifty_companion.framework */,
			);
			name = Frameworks;
			sourceTree = "<group>";
		};
/* End PBXGroup section */

/* Begin PBXNativeTarget section */
		DB1F2F1C225A35FD00E9002C /* swifty-companion */ = {
			isa = PBXNativeTarget;
			buildConfigurationList = DB1F2F2F225A35FE00E9002C /* Build configuration list for PBXNativeTarget "swifty-companion" */;
			buildPhases = (
				429C8F47CE49DB76E2526325 /* [CP] Check Pods Manifest.lock */,
				DB1F2F19225A35FD00E9002C /* Sources */,
				DB1F2F1A225A35FD00E9002C /* Frameworks */,
				DB1F2F1B225A35FD00E9002C /* Resources */,
				F884A263A0163262E5483D84 /* [CP] Embed Pods Frameworks */,
			);
			buildRules = (
			);
			dependencies = (
			);
			name = "swifty-companion";
			productName = "swifty-companion";
			productReference = DB1F2F1D225A35FE00E9002C /* swifty-companion.app */;
			productType = "com.apple.product-type.application";
		};
/* End PBXNativeTarget section */

/* Begin PBXProject section */
		DB1F2F15225A35FD00E9002C /* Project object */ = {
			isa = PBXProject;
			attributes = {
				LastSwiftUpdateCheck = 0920;
				LastUpgradeCheck = 0920;
				ORGANIZATIONNAME = "Clementine URQUIZAR";
				TargetAttributes = {
					DB1F2F1C225A35FD00E9002C = {
						CreatedOnToolsVersion = 9.2;
						ProvisioningStyle = Automatic;
					};
				};
			};
			buildConfigurationList = DB1F2F18225A35FD00E9002C /* Build configuration list for PBXProject "swifty-companion" */;
			compatibilityVersion = "Xcode 8.0";
			developmentRegion = en;
			hasScannedForEncodings = 0;
			knownRegions = (
				en,
				Base,
			);
			mainGroup = DB1F2F14225A35FD00E9002C;
			productRefGroup = DB1F2F1E225A35FE00E9002C /* Products */;
			projectDirPath = "";
			projectRoot = "";
			targets = (
				DB1F2F1C225A35FD00E9002C /* swifty-companion */,
			);
		};
/* End PBXProject section */

/* Begin PBXResourcesBuildPhase section */
		DB1F2F1B225A35FD00E9002C /* Resources */ = {
			isa = PBXResourcesBuildPhase;
			buildActionMask = 2147483647;
			files = (
				DB1F2F2B225A35FE00E9002C /* LaunchScreen.storyboard in Resources */,
				DB1F2F28225A35FE00E9002C /* Assets.xcassets in Resources */,
				DB1F2F26225A35FE00E9002C /* Main.storyboard in Resources */,
			);
			runOnlyForDeploymentPostprocessing = 0;
		};
/* End PBXResourcesBuildPhase section */

/* Begin PBXShellScriptBuildPhase section */
		429C8F47CE49DB76E2526325 /* [CP] Check Pods Manifest.lock */ = {
			isa = PBXShellScriptBuildPhase;
			buildActionMask = 2147483647;
			files = (
			);
			inputPaths = (
				"${PODS_PODFILE_DIR_PATH}/Podfile.lock",
				"${PODS_ROOT}/Manifest.lock",
			);
			name = "[CP] Check Pods Manifest.lock";
			outputPaths = (
				"$(DERIVED_FILE_DIR)/Pods-swifty-companion-checkManifestLockResult.txt",
			);
			runOnlyForDeploymentPostprocessing = 0;
			shellPath = /bin/sh;
			shellScript = "diff \"${PODS_PODFILE_DIR_PATH}/Podfile.lock\" \"${PODS_ROOT}/Manifest.lock\" > /dev/null\nif [ $? != 0 ] ; then\n    # print error to STDERR\n    echo \"error: The sandbox is not in sync with the Podfile.lock. Run 'pod install' or update your CocoaPods installation.\" >&2\n    exit 1\nfi\n# This output is used by Xcode 'outputs' to avoid re-running this script phase.\necho \"SUCCESS\" > \"${SCRIPT_OUTPUT_FILE_0}\"\n";
			showEnvVarsInLog = 0;
		};
		F884A263A0163262E5483D84 /* [CP] Embed Pods Frameworks */ = {
			isa = PBXShellScriptBuildPhase;
			buildActionMask = 2147483647;
			files = (
			);
			inputPaths = (
				"${PODS_ROOT}/Target Support Files/Pods-swifty-companion/Pods-swifty-companion-frameworks.sh",
				"${BUILT_PRODUCTS_DIR}/p2.OAuth2/p2_OAuth2.framework",
			);
			name = "[CP] Embed Pods Frameworks";
			outputPaths = (
				"${TARGET_BUILD_DIR}/${FRAMEWORKS_FOLDER_PATH}/p2_OAuth2.framework",
			);
			runOnlyForDeploymentPostprocessing = 0;
			shellPath = /bin/sh;
			shellScript = "\"${PODS_ROOT}/Target Support Files/Pods-swifty-companion/Pods-swifty-companion-frameworks.sh\"\n";
			showEnvVarsInLog = 0;
		};
/* End PBXShellScriptBuildPhase section */

/* Begin PBXSourcesBuildPhase section */
		DB1F2F19225A35FD00E9002C /* Sources */ = {
			isa = PBXSourcesBuildPhase;
			buildActionMask = 2147483647;
			files = (
				DBF2D1BD2268A8F40062C53C /* ProjectsViewController.swift in Sources */,
				DBF2D1C12268BD7F0062C53C /* ProjectsTableViewCell.swift in Sources */,
				DBF2D1BF2268B3E50062C53C /* SkillsTableViewCell.swift in Sources */,
				DB98677D225E04190044BF98 /* APIController.swift in Sources */,
				DB98677B225E01220044BF98 /* Model.swift in Sources */,
				DB1451AC226357C000317FC2 /* ProfileViewController.swift in Sources */,
				DB1F2F23225A35FE00E9002C /* LoginViewController.swift in Sources */,
				DBF2D1B92268A08A0062C53C /* SkillsViewController.swift in Sources */,
				DB1F2F21225A35FE00E9002C /* AppDelegate.swift in Sources */,
			);
			runOnlyForDeploymentPostprocessing = 0;
		};
/* End PBXSourcesBuildPhase section */

/* Begin PBXVariantGroup section */
		DB1F2F24225A35FE00E9002C /* Main.storyboard */ = {
			isa = PBXVariantGroup;
			children = (
				DB1F2F25225A35FE00E9002C /* Base */,
			);
			name = Main.storyboard;
			sourceTree = "<group>";
		};
		DB1F2F29225A35FE00E9002C /* LaunchScreen.storyboard */ = {
			isa = PBXVariantGroup;
			children = (
				DB1F2F2A225A35FE00E9002C /* Base */,
			);
			name = LaunchScreen.storyboard;
			sourceTree = "<group>";
		};
/* End PBXVariantGroup section */

/* Begin XCBuildConfiguration section */
		DB1F2F2D225A35FE00E9002C /* Debug */ = {
			isa = XCBuildConfiguration;
			buildSettings = {
				ALWAYS_SEARCH_USER_PATHS = NO;
				CLANG_ANALYZER_NONNULL = YES;
				CLANG_ANALYZER_NUMBER_OBJECT_CONVERSION = YES_AGGRESSIVE;
				CLANG_CXX_LANGUAGE_STANDARD = "gnu++14";
				CLANG_CXX_LIBRARY = "libc++";
				CLANG_ENABLE_MODULES = YES;
				CLANG_ENABLE_OBJC_ARC = YES;
				CLANG_WARN_BLOCK_CAPTURE_AUTORELEASING = YES;
				CLANG_WARN_BOOL_CONVERSION = YES;
				CLANG_WARN_COMMA = YES;
				CLANG_WARN_CONSTANT_CONVERSION = YES;
				CLANG_WARN_DIRECT_OBJC_ISA_USAGE = YES_ERROR;
				CLANG_WARN_DOCUMENTATION_COMMENTS = YES;
				CLANG_WARN_EMPTY_BODY = YES;
				CLANG_WARN_ENUM_CONVERSION = YES;
				CLANG_WARN_INFINITE_RECURSION = YES;
				CLANG_WARN_INT_CONVERSION = YES;
				CLANG_WARN_NON_LITERAL_NULL_CONVERSION = YES;
				CLANG_WARN_OBJC_LITERAL_CONVERSION = YES;
				CLANG_WARN_OBJC_ROOT_CLASS = YES_ERROR;
				CLANG_WARN_RANGE_LOOP_ANALYSIS = YES;
				CLANG_WARN_STRICT_PROTOTYPES = YES;
				CLANG_WARN_SUSPICIOUS_MOVE = YES;
				CLANG_WARN_UNGUARDED_AVAILABILITY = YES_AGGRESSIVE;
				CLANG_WARN_UNREACHABLE_CODE = YES;
				CLANG_WARN__DUPLICATE_METHOD_MATCH = YES;
				CODE_SIGN_IDENTITY = "iPhone Developer";
				COPY_PHASE_STRIP = NO;
				DEBUG_INFORMATION_FORMAT = dwarf;
				ENABLE_STRICT_OBJC_MSGSEND = YES;
				ENABLE_TESTABILITY = YES;
				GCC_C_LANGUAGE_STANDARD = gnu11;
				GCC_DYNAMIC_NO_PIC = NO;
				GCC_NO_COMMON_BLOCKS = YES;
				GCC_OPTIMIZATION_LEVEL = 0;
				GCC_PREPROCESSOR_DEFINITIONS = (
					"DEBUG=1",
					"$(inherited)",
				);
				GCC_WARN_64_TO_32_BIT_CONVERSION = YES;
				GCC_WARN_ABOUT_RETURN_TYPE = YES_ERROR;
				GCC_WARN_UNDECLARED_SELECTOR = YES;
				GCC_WARN_UNINITIALIZED_AUTOS = YES_AGGRESSIVE;
				GCC_WARN_UNUSED_FUNCTION = YES;
				GCC_WARN_UNUSED_VARIABLE = YES;
				IPHONEOS_DEPLOYMENT_TARGET = 11.2;
				MTL_ENABLE_DEBUG_INFO = YES;
				ONLY_ACTIVE_ARCH = YES;
				SDKROOT = iphoneos;
				SWIFT_ACTIVE_COMPILATION_CONDITIONS = DEBUG;
				SWIFT_OPTIMIZATION_LEVEL = "-Onone";
			};
			name = Debug;
		};
		DB1F2F2E225A35FE00E9002C /* Release */ = {
			isa = XCBuildConfiguration;
			buildSettings = {
				ALWAYS_SEARCH_USER_PATHS = NO;
				CLANG_ANALYZER_NONNULL = YES;
				CLANG_ANALYZER_NUMBER_OBJECT_CONVERSION = YES_AGGRESSIVE;
				CLANG_CXX_LANGUAGE_STANDARD = "gnu++14";
				CLANG_CXX_LIBRARY = "libc++";
				CLANG_ENABLE_MODULES = YES;
				CLANG_ENABLE_OBJC_ARC = YES;
				CLANG_WARN_BLOCK_CAPTURE_AUTORELEASING = YES;
				CLANG_WARN_BOOL_CONVERSION = YES;
				CLANG_WARN_COMMA = YES;
				CLANG_WARN_CONSTANT_CONVERSION = YES;
				CLANG_WARN_DIRECT_OBJC_ISA_USAGE = YES_ERROR;
				CLANG_WARN_DOCUMENTATION_COMMENTS = YES;
				CLANG_WARN_EMPTY_BODY = YES;
				CLANG_WARN_ENUM_CONVERSION = YES;
				CLANG_WARN_INFINITE_RECURSION = YES;
				CLANG_WARN_INT_CONVERSION = YES;
				CLANG_WARN_NON_LITERAL_NULL_CONVERSION = YES;
				CLANG_WARN_OBJC_LITERAL_CONVERSION = YES;
				CLANG_WARN_OBJC_ROOT_CLASS = YES_ERROR;
				CLANG_WARN_RANGE_LOOP_ANALYSIS = YES;
				CLANG_WARN_STRICT_PROTOTYPES = YES;
				CLANG_WARN_SUSPICIOUS_MOVE = YES;
				CLANG_WARN_UNGUARDED_AVAILABILITY = YES_AGGRESSIVE;
				CLANG_WARN_UNREACHABLE_CODE = YES;
				CLANG_WARN__DUPLICATE_METHOD_MATCH = YES;
				CODE_SIGN_IDENTITY = "iPhone Developer";
				COPY_PHASE_STRIP = NO;
				DEBUG_INFORMATION_FORMAT = "dwarf-with-dsym";
				ENABLE_NS_ASSERTIONS = NO;
				ENABLE_STRICT_OBJC_MSGSEND = YES;
				GCC_C_LANGUAGE_STANDARD = gnu11;
				GCC_NO_COMMON_BLOCKS = YES;
				GCC_WARN_64_TO_32_BIT_CONVERSION = YES;
				GCC_WARN_ABOUT_RETURN_TYPE = YES_ERROR;
				GCC_WARN_UNDECLARED_SELECTOR = YES;
				GCC_WARN_UNINITIALIZED_AUTOS = YES_AGGRESSIVE;
				GCC_WARN_UNUSED_FUNCTION = YES;
				GCC_WARN_UNUSED_VARIABLE = YES;
				IPHONEOS_DEPLOYMENT_TARGET = 11.2;
				MTL_ENABLE_DEBUG_INFO = NO;
				SDKROOT = iphoneos;
				SWIFT_OPTIMIZATION_LEVEL = "-Owholemodule";
				VALIDATE_PRODUCT = YES;
			};
			name = Release;
		};
		DB1F2F30225A35FE00E9002C /* Debug */ = {
			isa = XCBuildConfiguration;
			baseConfigurationReference = 2DF6F2DF0D18A45E9F04322E /* Pods-swifty-companion.debug.xcconfig */;
			buildSettings = {
				ASSETCATALOG_COMPILER_APPICON_NAME = AppIcon;
				CODE_SIGN_STYLE = Automatic;
				INFOPLIST_FILE = "swifty-companion/Info.plist";
				LD_RUNPATH_SEARCH_PATHS = "$(inherited) @executable_path/Frameworks";
				PRODUCT_BUNDLE_IDENTIFIER = "-2.swifty-companion";
				PRODUCT_NAME = "$(TARGET_NAME)";
				SWIFT_VERSION = 4.0;
				TARGETED_DEVICE_FAMILY = "1,2";
			};
			name = Debug;
		};
		DB1F2F31225A35FE00E9002C /* Release */ = {
			isa = XCBuildConfiguration;
			baseConfigurationReference = 45DFDA9F23E76AC117925AEA /* Pods-swifty-companion.release.xcconfig */;
			buildSettings = {
				ASSETCATALOG_COMPILER_APPICON_NAME = AppIcon;
				CODE_SIGN_STYLE = Automatic;
				INFOPLIST_FILE = "swifty-companion/Info.plist";
				LD_RUNPATH_SEARCH_PATHS = "$(inherited) @executable_path/Frameworks";
				PRODUCT_BUNDLE_IDENTIFIER = "-2.swifty-companion";
				PRODUCT_NAME = "$(TARGET_NAME)";
				SWIFT_VERSION = 4.0;
				TARGETED_DEVICE_FAMILY = "1,2";
			};
			name = Release;
		};
/* End XCBuildConfiguration section */

/* Begin XCConfigurationList section */
		DB1F2F18225A35FD00E9002C /* Build configuration list for PBXProject "swifty-companion" */ = {
			isa = XCConfigurationList;
			buildConfigurations = (
				DB1F2F2D225A35FE00E9002C /* Debug */,
				DB1F2F2E225A35FE00E9002C /* Release */,
			);
			defaultConfigurationIsVisible = 0;
			defaultConfigurationName = Release;
		};
		DB1F2F2F225A35FE00E9002C /* Build configuration list for PBXNativeTarget "swifty-companion" */ = {
			isa = XCConfigurationList;
			buildConfigurations = (
				DB1F2F30225A35FE00E9002C /* Debug */,
				DB1F2F31225A35FE00E9002C /* Release */,
			);
			defaultConfigurationIsVisible = 0;
			defaultConfigurationName = Release;
		};
/* End XCConfigurationList section */
	};
	rootObject = DB1F2F15225A35FD00E9002C /* Project object */;
}
